
Microsoft Visual Studio Solution File, Format Version 12.00
# Visual Studio 14
VisualStudioVersion = 14.0.23107.0
MinimumVisualStudioVersion = 10.0.40219.1
Project("{8BC9CEB8-8B4A-11D0-8D11-00A0C91BC942}") = "GUIApp", "GUIApp\GUIApp.vcxproj", "{2AFE5424-C5F1-4FFA-9FB6-2FE67985C251}"
EndProject
Project("{8BC9CEB8-8B4A-11D0-8D11-00A0C91BC942}") = "Connector", "Connector\Connector.vcxproj", "{8D4BC3DD-7854-42A6-9F7F-B3898C362B79}"
EndProject
Global
	GlobalSection(SolutionConfigurationPlatforms) = preSolution
		Debug|ARM = Debug|ARM
		Debug|x64 = Debug|x64
		Debug|x86 = Debug|x86
		Release|ARM = Release|ARM
		Release|x64 = Release|x64
		Release|x86 = Release|x86
	EndGlobalSection
	GlobalSection(ProjectConfigurationPlatforms) = postSolution
		{2AFE5424-C5F1-4FFA-9FB6-2FE67985C251}.Debug|ARM.ActiveCfg = Debug|Win32
		{2AFE5424-C5F1-4FFA-9FB6-2FE67985C251}.Debug|x64.ActiveCfg = Debug|x64
		{2AFE5424-C5F1-4FFA-9FB6-2FE67985C251}.Debug|x64.Build.0 = Debug|x64
		{2AFE5424-C5F1-4FFA-9FB6-2FE67985C251}.Debug|x86.ActiveCfg = Debug|Win32
		{2AFE5424-C5F1-4FFA-9FB6-2FE67985C251}.Debug|x86.Build.0 = Debug|Win32
		{2AFE5424-C5F1-4FFA-9FB6-2FE67985C251}.Release|ARM.ActiveCfg = Release|Win32
		{2AFE5424-C5F1-4FFA-9FB6-2FE67985C251}.Release|x64.ActiveCfg = Release|x64
		{2AFE5424-C5F1-4FFA-9FB6-2FE67985C251}.Release|x64.Build.0 = Release|x64
		{2AFE5424-C5F1-4FFA-9FB6-2FE67985C251}.Release|x86.ActiveCfg = Release|Win32
		{2AFE5424-C5F1-4FFA-9FB6-2FE67985C251}.Release|x86.Build.0 = Release|Win32
		{8D4BC3DD-7854-42A6-9F7F-B3898C362B79}.Debug|ARM.ActiveCfg = Debug|Win32
		{8D4BC3DD-7854-42A6-9F7F-B3898C362B79}.Debug|x64.ActiveCfg = Debug|x64
		{8D4BC3DD-7854-42A6-9F7F-B3898C362B79}.Debug|x64.Build.0 = Debug|x64
		{8D4BC3DD-7854-42A6-9F7F-B3898C362B79}.Debug|x86.ActiveCfg = Debug|Win32
		{8D4BC3DD-7854-42A6-9F7F-B3898C362B79}.Debug|x86.Build.0 = Debug|Win32
		{8D4BC3DD-7854-42A6-9F7F-B3898C362B79}.Release|ARM.ActiveCfg = Release|Win32
		{8D4BC3DD-7854-42A6-9F7F-B3898C362B79}.Release|x64.ActiveCfg = Release|x64
		{8D4BC3DD-7854-42A6-9F7F-B3898C362B79}.Release|x64.Build.0 = Release|x64
		{8D4BC3DD-7854-42A6-9F7F-B3898C362B79}.Release|x86.ActiveCfg = Release|Win32
		{8D4BC3DD-7854-42A6-9F7F-B3898C362B79}.Release|x86.Build.0 = Release|Win32
	EndGlobalSection
	GlobalSection(SolutionProperties) = preSolution
		HideSolutionNode = FALSE
	EndGlobalSection
EndGlobal
